
Microsoft Visual Studio Solution File, Format Version 12.00
# Visual Studio Version 17
VisualStudioVersion = 17.13.35825.156 d17.13
MinimumVisualStudioVersion = 10.0.40219.1
Project("{FAE04EC0-301F-11D3-BF4B-00C04F79EFBC}") = "infosoft-crash-course", "infosoft-crash-course\infosoft-crash-course.csproj", "{821CF747-6B0A-4D43-8705-B569C78FA7C8}"
EndProject
Global
	GlobalSection(SolutionConfigurationPlatforms) = preSolution
		Debug|Any CPU = Debug|Any CPU
		Release|Any CPU = Release|Any CPU
	EndGlobalSection
	GlobalSection(ProjectConfigurationPlatforms) = postSolution
		{821CF747-6B0A-4D43-8705-B569C78FA7C8}.Debug|Any CPU.ActiveCfg = Debug|Any CPU
		{821CF747-6B0A-4D43-8705-B569C78FA7C8}.Debug|Any CPU.Build.0 = Debug|Any CPU
		{821CF747-6B0A-4D43-8705-B569C78FA7C8}.Release|Any CPU.ActiveCfg = Release|Any CPU
		{821CF747-6B0A-4D43-8705-B569C78FA7C8}.Release|Any CPU.Build.0 = Release|Any CPU
	EndGlobalSection
	GlobalSection(SolutionProperties) = preSolution
		HideSolutionNode = FALSE
	EndGlobalSection
	GlobalSection(ExtensibilityGlobals) = postSolution
		SolutionGuid = {838BC1D6-FF6C-4406-BCF2-5F4AE680B66C}
	EndGlobalSection
EndGlobal
